# This file is automatically @generated by Cargo.
# It is not intended for manual editing.
version = 4

[[package]]
name = "ads"
version = "0.4.4"
source = "registry+https://github.com/rust-lang/crates.io-index"
checksum = "a4959a41a182e57ce11b83058b6c7838ca65ea648d3142d86928431f26896738"
dependencies = [
 "byteorder",
 "crossbeam-channel",
 "itertools",
 "thiserror",
 "zerocopy",
]

[[package]]
name = "autd3"
version = "37.0.0-alpha.3"
source = "registry+https://github.com/rust-lang/crates.io-index"
checksum = "fe2ec96f5312f307e260095414fe79a27b77237c5ac39b3f94a96ed5b32ca877"
dependencies = [
 "autd3-core",
 "autd3-driver",
 "autd3-firmware-emulator",
]

[[package]]
name = "autd3-capi-link-remote-twincat"
version = "37.0.0-alpha.3"
dependencies = [
 "autd3-link-twincat",
 "autd3capi-driver",
]

[[package]]
name = "autd3-core"
version = "37.0.0-alpha.3"
source = "registry+https://github.com/rust-lang/crates.io-index"
checksum = "650443dbdb9e0b964306c8bb53da938a86a143b6804da0e191d85884dfe526a4"
dependencies = [
 "autd3-derive",
]

[[package]]
name = "autd3-derive"
version = "37.0.0-alpha.3"
source = "registry+https://github.com/rust-lang/crates.io-index"
checksum = "7bc301c4edce4d9c7231db6ed56021200885a131438e6272552b1eea5d53120f"

[[package]]
name = "autd3-driver"
version = "37.0.0-alpha.3"
source = "registry+https://github.com/rust-lang/crates.io-index"
checksum = "78f13b6d7238692b6a997716d0aec5f3d434eecf7d8aee6148e0e46456247139"
dependencies = [
 "autd3-core",
]

[[package]]
name = "autd3-firmware-emulator"
version = "37.0.0-alpha.3"
source = "registry+https://github.com/rust-lang/crates.io-index"
checksum = "42ea9f4989af1cb5132854f88429aa40aa322e0ccd7a9378ec07a4f0719cfdc1"
dependencies = [
 "autd3-core",
 "autd3-driver",
]

[[package]]
name = "autd3-link-twincat"
version = "37.0.0-alpha.3"
source = "registry+https://github.com/rust-lang/crates.io-index"
checksum = "68f9212fba06f9026ea331af75173e5e0e714aeb15c75adbf1ebb525bfdcb95d"
dependencies = [
 "ads",
 "autd3-core",
]

[[package]]
name = "autd3capi-driver"
version = "37.0.0-alpha.3"
source = "git+https://github.com/shinolab/autd3-capi.git#393d91e4fe8a8e6b8ebed2f1543c39ca9c1a8199"
dependencies = [
 "autd3",
 "autd3-core",
]

[[package]]
name = "byteorder"
version = "1.5.0"
source = "registry+https://github.com/rust-lang/crates.io-index"
checksum = "1fd0f2584146f6f2ef48085050886acf353beff7305ebd1ae69500e27c67f64b"

[[package]]
name = "crossbeam-channel"
version = "0.5.15"
source = "registry+https://github.com/rust-lang/crates.io-index"
checksum = "82b8f8f868b36967f9606790d1903570de9ceaf870a7bf9fbbd3016d636a2cb2"
dependencies = [
 "crossbeam-utils",
]

[[package]]
name = "crossbeam-utils"
version = "0.8.21"
source = "registry+https://github.com/rust-lang/crates.io-index"
checksum = "d0a5c400df2834b80a4c3327b3aad3a4c4cd4de0629063962b03235697506a28"

[[package]]
name = "either"
version = "1.15.0"
source = "registry+https://github.com/rust-lang/crates.io-index"
checksum = "48c757948c5ede0e46177b7add2e67155f70e33c07fea8284df6576da70b3719"

[[package]]
name = "itertools"
version = "0.13.0"
source = "registry+https://github.com/rust-lang/crates.io-index"
checksum = "413ee7dfc52ee1a4949ceeb7dbc8a33f2d6c088194d9f922fb8318faf1f01186"
dependencies = [
 "either",
]

[[package]]
name = "proc-macro2"
version = "1.0.101"
source = "registry+https://github.com/rust-lang/crates.io-index"
checksum = "89ae43fd86e4158d6db51ad8e2b80f313af9cc74f5c0e03ccb87de09998732de"
dependencies = [
 "unicode-ident",
]

[[package]]
name = "quote"
version = "1.0.41"
source = "registry+https://github.com/rust-lang/crates.io-index"
checksum = "ce25767e7b499d1b604768e7cde645d14cc8584231ea6b295e9c9eb22c02e1d1"
dependencies = [
 "proc-macro2",
]

[[package]]
name = "syn"
version = "2.0.106"
source = "registry+https://github.com/rust-lang/crates.io-index"
checksum = "ede7c438028d4436d71104916910f5bb611972c5cfd7f89b8300a8186e6fada6"
dependencies = [
 "proc-macro2",
 "quote",
 "unicode-ident",
]

[[package]]
name = "thiserror"
version = "1.0.69"
source = "registry+https://github.com/rust-lang/crates.io-index"
checksum = "b6aaf5339b578ea85b50e080feb250a3e8ae8cfcdff9a461c9ec2904bc923f52"
dependencies = [
 "thiserror-impl",
]

[[package]]
name = "thiserror-impl"
version = "1.0.69"
source = "registry+https://github.com/rust-lang/crates.io-index"
checksum = "4fee6c4efc90059e10f81e6d42c60a18f76588c3d74cb83a0b242a2b6c7504c1"
dependencies = [
 "proc-macro2",
 "quote",
 "syn",
]

[[package]]
name = "unicode-ident"
version = "1.0.19"
source = "registry+https://github.com/rust-lang/crates.io-index"
checksum = "f63a545481291138910575129486daeaf8ac54aee4387fe7906919f7830c7d9d"

[[package]]
name = "zerocopy"
version = "0.7.35"
source = "registry+https://github.com/rust-lang/crates.io-index"
checksum = "1b9b4fd18abc82b8136838da5d50bae7bdea537c574d8dc1a34ed098d6c166f0"
dependencies = [
 "byteorder",
 "zerocopy-derive",
]

[[package]]
name = "zerocopy-derive"
version = "0.7.35"
source = "registry+https://github.com/rust-lang/crates.io-index"
checksum = "fa4f8080344d4671fb4e831a13ad1e68092748387dfc4f55e356242fae12ce3e"
dependencies = [
 "proc-macro2",
 "quote",
 "syn",
]
